
Microsoft Visual Studio Solution File, Format Version 12.00
Project("{FAE04EC0-301F-11D3-BF4B-00C04F79EFBC}") = "WebApi", "WebApi\WebApi.csproj", "{75627C99-EEFC-44EF-931B-786F114F5DE3}"
EndProject
Project("{FAE04EC0-301F-11D3-BF4B-00C04F79EFBC}") = "Application", "Application\Application.csproj", "{D21ABE5D-5FFC-40FE-958D-432313F0B42A}"
EndProject
Project("{FAE04EC0-301F-11D3-BF4B-00C04F79EFBC}") = "Infrastructure", "Infrastructure\Infrastructure.csproj", "{3F5E22DE-EAA4-441A-8593-BAD3553B31CD}"
EndProject
Project("{FAE04EC0-301F-11D3-BF4B-00C04F79EFBC}") = "Domain", "Domain\Domain.csproj", "{C9510A00-3C85-4690-BA09-0D9714990DAD}"
EndProject
Global
	GlobalSection(SolutionConfigurationPlatforms) = preSolution
		Debug|Any CPU = Debug|Any CPU
		Release|Any CPU = Release|Any CPU
	EndGlobalSection
	GlobalSection(ProjectConfigurationPlatforms) = postSolution
		{75627C99-EEFC-44EF-931B-786F114F5DE3}.Debug|Any CPU.ActiveCfg = Debug|Any CPU
		{75627C99-EEFC-44EF-931B-786F114F5DE3}.Debug|Any CPU.Build.0 = Debug|Any CPU
		{75627C99-EEFC-44EF-931B-786F114F5DE3}.Release|Any CPU.ActiveCfg = Release|Any CPU
		{75627C99-EEFC-44EF-931B-786F114F5DE3}.Release|Any CPU.Build.0 = Release|Any CPU
		{D21ABE5D-5FFC-40FE-958D-432313F0B42A}.Debug|Any CPU.ActiveCfg = Debug|Any CPU
		{D21ABE5D-5FFC-40FE-958D-432313F0B42A}.Debug|Any CPU.Build.0 = Debug|Any CPU
		{D21ABE5D-5FFC-40FE-958D-432313F0B42A}.Release|Any CPU.ActiveCfg = Release|Any CPU
		{D21ABE5D-5FFC-40FE-958D-432313F0B42A}.Release|Any CPU.Build.0 = Release|Any CPU
		{3F5E22DE-EAA4-441A-8593-BAD3553B31CD}.Debug|Any CPU.ActiveCfg = Debug|Any CPU
		{3F5E22DE-EAA4-441A-8593-BAD3553B31CD}.Debug|Any CPU.Build.0 = Debug|Any CPU
		{3F5E22DE-EAA4-441A-8593-BAD3553B31CD}.Release|Any CPU.ActiveCfg = Release|Any CPU
		{3F5E22DE-EAA4-441A-8593-BAD3553B31CD}.Release|Any CPU.Build.0 = Release|Any CPU
		{C9510A00-3C85-4690-BA09-0D9714990DAD}.Debug|Any CPU.ActiveCfg = Debug|Any CPU
		{C9510A00-3C85-4690-BA09-0D9714990DAD}.Debug|Any CPU.Build.0 = Debug|Any CPU
		{C9510A00-3C85-4690-BA09-0D9714990DAD}.Release|Any CPU.ActiveCfg = Release|Any CPU
		{C9510A00-3C85-4690-BA09-0D9714990DAD}.Release|Any CPU.Build.0 = Release|Any CPU
	EndGlobalSection
EndGlobal
